
Microsoft Visual Studio Solution File, Format Version 12.00
# Visual Studio Version 16
VisualStudioVersion = 16.0.30804.86
MinimumVisualStudioVersion = 10.0.40219.1
Project("{9A19103F-16F7-4668-BE54-9A1E7A4F7556}") = "DataAccess", "DataAccess\DataAccess.csproj", "{4D2265EB-B782-44EE-93A3-A08943850092}"
EndProject
Project("{9A19103F-16F7-4668-BE54-9A1E7A4F7556}") = "Business", "Business\Business.csproj", "{45AE4CE2-16C2-4FD1-8A82-902FE103F176}"
EndProject
Project("{9A19103F-16F7-4668-BE54-9A1E7A4F7556}") = "Entities", "Entities\Entities.csproj", "{35BDB6BC-C0DF-4742-B8E1-FE277CED005C}"
EndProject
Project("{9A19103F-16F7-4668-BE54-9A1E7A4F7556}") = "ConsoleUI", "ConsoleUI\ConsoleUI.csproj", "{983AC677-5C35-4E45-B9DC-C0C60A56BC54}"
EndProject
Project("{FAE04EC0-301F-11D3-BF4B-00C04F79EFBC}") = "Core", "Core\Core.csproj", "{BB84D099-FDE2-4C85-83D6-E5E4D32BF00A}"
EndProject
Global
	GlobalSection(SolutionConfigurationPlatforms) = preSolution
		Debug|Any CPU = Debug|Any CPU
		Release|Any CPU = Release|Any CPU
	EndGlobalSection
	GlobalSection(ProjectConfigurationPlatforms) = postSolution
		{4D2265EB-B782-44EE-93A3-A08943850092}.Debug|Any CPU.ActiveCfg = Debug|Any CPU
		{4D2265EB-B782-44EE-93A3-A08943850092}.Debug|Any CPU.Build.0 = Debug|Any CPU
		{4D2265EB-B782-44EE-93A3-A08943850092}.Release|Any CPU.ActiveCfg = Release|Any CPU
		{4D2265EB-B782-44EE-93A3-A08943850092}.Release|Any CPU.Build.0 = Release|Any CPU
		{45AE4CE2-16C2-4FD1-8A82-902FE103F176}.Debug|Any CPU.ActiveCfg = Debug|Any CPU
		{45AE4CE2-16C2-4FD1-8A82-902FE103F176}.Debug|Any CPU.Build.0 = Debug|Any CPU
		{45AE4CE2-16C2-4FD1-8A82-902FE103F176}.Release|Any CPU.ActiveCfg = Release|Any CPU
		{45AE4CE2-16C2-4FD1-8A82-902FE103F176}.Release|Any CPU.Build.0 = Release|Any CPU
		{35BDB6BC-C0DF-4742-B8E1-FE277CED005C}.Debug|Any CPU.ActiveCfg = Debug|Any CPU
		{35BDB6BC-C0DF-4742-B8E1-FE277CED005C}.Debug|Any CPU.Build.0 = Debug|Any CPU
		{35BDB6BC-C0DF-4742-B8E1-FE277CED005C}.Release|Any CPU.ActiveCfg = Release|Any CPU
		{35BDB6BC-C0DF-4742-B8E1-FE277CED005C}.Release|Any CPU.Build.0 = Release|Any CPU
		{983AC677-5C35-4E45-B9DC-C0C60A56BC54}.Debug|Any CPU.ActiveCfg = Debug|Any CPU
		{983AC677-5C35-4E45-B9DC-C0C60A56BC54}.Debug|Any CPU.Build.0 = Debug|Any CPU
		{983AC677-5C35-4E45-B9DC-C0C60A56BC54}.Release|Any CPU.ActiveCfg = Release|Any CPU
		{983AC677-5C35-4E45-B9DC-C0C60A56BC54}.Release|Any CPU.Build.0 = Release|Any CPU
		{BB84D099-FDE2-4C85-83D6-E5E4D32BF00A}.Debug|Any CPU.ActiveCfg = Debug|Any CPU
		{BB84D099-FDE2-4C85-83D6-E5E4D32BF00A}.Debug|Any CPU.Build.0 = Debug|Any CPU
		{BB84D099-FDE2-4C85-83D6-E5E4D32BF00A}.Release|Any CPU.ActiveCfg = Release|Any CPU
		{BB84D099-FDE2-4C85-83D6-E5E4D32BF00A}.Release|Any CPU.Build.0 = Release|Any CPU
	EndGlobalSection
	GlobalSection(SolutionProperties) = preSolution
		HideSolutionNode = FALSE
	EndGlobalSection
	GlobalSection(ExtensibilityGlobals) = postSolution
		SolutionGuid = {0F5E7BAA-A30E-4802-B416-D5D75359C2F6}
	EndGlobalSection
EndGlobal
